
Microsoft Visual Studio Solution File, Format Version 12.00
# Visual Studio 15
VisualStudioVersion = 15.0.26730.12
MinimumVisualStudioVersion = 10.0.40219.1
Project("{FAE04EC0-301F-11D3-BF4B-00C04F79EFBC}") = "BankObjects", "BankObjects\BankObjects.csproj", "{53E1D5B4-4BF7-4745-9532-CA075A0B80D4}"
EndProject
Global
	GlobalSection(SolutionConfigurationPlatforms) = preSolution
		Debug|Any CPU = Debug|Any CPU
		Release|Any CPU = Release|Any CPU
	EndGlobalSection
	GlobalSection(ProjectConfigurationPlatforms) = postSolution
		{53E1D5B4-4BF7-4745-9532-CA075A0B80D4}.Debug|Any CPU.ActiveCfg = Debug|Any CPU
		{53E1D5B4-4BF7-4745-9532-CA075A0B80D4}.Debug|Any CPU.Build.0 = Debug|Any CPU
		{53E1D5B4-4BF7-4745-9532-CA075A0B80D4}.Release|Any CPU.ActiveCfg = Release|Any CPU
		{53E1D5B4-4BF7-4745-9532-CA075A0B80D4}.Release|Any CPU.Build.0 = Release|Any CPU
	EndGlobalSection
	GlobalSection(SolutionProperties) = preSolution
		HideSolutionNode = FALSE
	EndGlobalSection
	GlobalSection(ExtensibilityGlobals) = postSolution
		SolutionGuid = {09ED9487-9E0D-4107-B15D-C2332CB9EAD8}
	EndGlobalSection
EndGlobal
